
Microsoft Visual Studio Solution File, Format Version 12.00
Project("{2150E333-8FDC-42A3-9474-1A3956D46DE8}") = "src", "src", "{7F7802D8-06DF-4ADB-8DC6-D69736F4F5D5}"
EndProject
Project("{2150E333-8FDC-42A3-9474-1A3956D46DE8}") = "tests", "tests", "{555BE44C-D860-4164-B812-45C0577F6018}"
EndProject
Project("{2150E333-8FDC-42A3-9474-1A3956D46DE8}") = "API", "API", "{6257B75C-B4FB-4531-9E16-64B6ECA0B524}"
EndProject
Project("{2150E333-8FDC-42A3-9474-1A3956D46DE8}") = "Core", "Core", "{17537178-5B97-4F3D-A152-EA50B60F4F8C}"
EndProject
Project("{2150E333-8FDC-42A3-9474-1A3956D46DE8}") = "Infrastructure", "Infrastructure", "{22C502D0-9E8E-415F-94E4-D620BA8D6F4D}"
EndProject
Project("{FAE04EC0-301F-11D3-BF4B-00C04F79EFBC}") = "MasterPiece.Persistance", "src\MasterPiece.Persistance\MasterPiece.Persistance.csproj", "{645EA99C-D379-48C9-8360-3637DC673492}"
EndProject
Project("{FAE04EC0-301F-11D3-BF4B-00C04F79EFBC}") = "MasterPiece.Application", "src\MasterPiece.Application\MasterPiece.Application.csproj", "{07DEAD8F-9654-4246-ACF1-A1997ACAF44A}"
EndProject
Project("{FAE04EC0-301F-11D3-BF4B-00C04F79EFBC}") = "MasterPiece.Domain", "src\MasterPiece.Domain\MasterPiece.Domain.csproj", "{DFE772BF-1078-4493-9283-E26EDBBAE94A}"
EndProject
Project("{FAE04EC0-301F-11D3-BF4B-00C04F79EFBC}") = "MasterPiece.API", "src\MasterPiece.API\MasterPiece.API.csproj", "{37E72880-7D6F-4FB1-B23A-30BD286828FE}"
EndProject
Global
	GlobalSection(SolutionConfigurationPlatforms) = preSolution
		Debug|Any CPU = Debug|Any CPU
		Release|Any CPU = Release|Any CPU
	EndGlobalSection
	GlobalSection(ProjectConfigurationPlatforms) = postSolution
		{645EA99C-D379-48C9-8360-3637DC673492}.Debug|Any CPU.ActiveCfg = Debug|Any CPU
		{645EA99C-D379-48C9-8360-3637DC673492}.Debug|Any CPU.Build.0 = Debug|Any CPU
		{645EA99C-D379-48C9-8360-3637DC673492}.Release|Any CPU.ActiveCfg = Release|Any CPU
		{645EA99C-D379-48C9-8360-3637DC673492}.Release|Any CPU.Build.0 = Release|Any CPU
		{07DEAD8F-9654-4246-ACF1-A1997ACAF44A}.Debug|Any CPU.ActiveCfg = Debug|Any CPU
		{07DEAD8F-9654-4246-ACF1-A1997ACAF44A}.Debug|Any CPU.Build.0 = Debug|Any CPU
		{07DEAD8F-9654-4246-ACF1-A1997ACAF44A}.Release|Any CPU.ActiveCfg = Release|Any CPU
		{07DEAD8F-9654-4246-ACF1-A1997ACAF44A}.Release|Any CPU.Build.0 = Release|Any CPU
		{DFE772BF-1078-4493-9283-E26EDBBAE94A}.Debug|Any CPU.ActiveCfg = Debug|Any CPU
		{DFE772BF-1078-4493-9283-E26EDBBAE94A}.Debug|Any CPU.Build.0 = Debug|Any CPU
		{DFE772BF-1078-4493-9283-E26EDBBAE94A}.Release|Any CPU.ActiveCfg = Release|Any CPU
		{DFE772BF-1078-4493-9283-E26EDBBAE94A}.Release|Any CPU.Build.0 = Release|Any CPU
		{37E72880-7D6F-4FB1-B23A-30BD286828FE}.Debug|Any CPU.ActiveCfg = Debug|Any CPU
		{37E72880-7D6F-4FB1-B23A-30BD286828FE}.Debug|Any CPU.Build.0 = Debug|Any CPU
		{37E72880-7D6F-4FB1-B23A-30BD286828FE}.Release|Any CPU.ActiveCfg = Release|Any CPU
		{37E72880-7D6F-4FB1-B23A-30BD286828FE}.Release|Any CPU.Build.0 = Release|Any CPU
	EndGlobalSection
	GlobalSection(NestedProjects) = preSolution
		{6257B75C-B4FB-4531-9E16-64B6ECA0B524} = {7F7802D8-06DF-4ADB-8DC6-D69736F4F5D5}
		{17537178-5B97-4F3D-A152-EA50B60F4F8C} = {7F7802D8-06DF-4ADB-8DC6-D69736F4F5D5}
		{22C502D0-9E8E-415F-94E4-D620BA8D6F4D} = {7F7802D8-06DF-4ADB-8DC6-D69736F4F5D5}
		{645EA99C-D379-48C9-8360-3637DC673492} = {22C502D0-9E8E-415F-94E4-D620BA8D6F4D}
		{07DEAD8F-9654-4246-ACF1-A1997ACAF44A} = {17537178-5B97-4F3D-A152-EA50B60F4F8C}
		{DFE772BF-1078-4493-9283-E26EDBBAE94A} = {17537178-5B97-4F3D-A152-EA50B60F4F8C}
		{37E72880-7D6F-4FB1-B23A-30BD286828FE} = {6257B75C-B4FB-4531-9E16-64B6ECA0B524}
	EndGlobalSection
EndGlobal
